
Microsoft Visual Studio Solution File, Format Version 12.00
# Visual Studio Version 17
VisualStudioVersion = 17.9.34616.47
MinimumVisualStudioVersion = 10.0.40219.1
Project("{FAE04EC0-301F-11D3-BF4B-00C04F79EFBC}") = "Hospital_", "Hospital_\Hospital_.csproj", "{8ED1BBFA-D20F-44FE-95E8-A14F03588AC2}"
EndProject
Global
	GlobalSection(SolutionConfigurationPlatforms) = preSolution
		Debug|Any CPU = Debug|Any CPU
		Release|Any CPU = Release|Any CPU
	EndGlobalSection
	GlobalSection(ProjectConfigurationPlatforms) = postSolution
		{8ED1BBFA-D20F-44FE-95E8-A14F03588AC2}.Debug|Any CPU.ActiveCfg = Debug|Any CPU
		{8ED1BBFA-D20F-44FE-95E8-A14F03588AC2}.Debug|Any CPU.Build.0 = Debug|Any CPU
		{8ED1BBFA-D20F-44FE-95E8-A14F03588AC2}.Release|Any CPU.ActiveCfg = Release|Any CPU
		{8ED1BBFA-D20F-44FE-95E8-A14F03588AC2}.Release|Any CPU.Build.0 = Release|Any CPU
	EndGlobalSection
	GlobalSection(SolutionProperties) = preSolution
		HideSolutionNode = FALSE
	EndGlobalSection
	GlobalSection(ExtensibilityGlobals) = postSolution
		SolutionGuid = {2377F0B9-F24B-49D5-A316-3AA66FB4C0D6}
	EndGlobalSection
EndGlobal
